// !$*UTF8*$!
{
	archiveVersion = 1;
	classes = {
	};
	objectVersion = 50;
	objects = {

/* Begin PBXBuildFile section */
		21F297212474DDEE0033B1B9 /* AppDelegate.swift in Sources */ = {isa = PBXBuildFile; fileRef = 21F297202474DDEE0033B1B9 /* AppDelegate.swift */; };
		21F297232474DDEE0033B1B9 /* ViewController.swift in Sources */ = {isa = PBXBuildFile; fileRef = 21F297222474DDEE0033B1B9 /* ViewController.swift */; };
		21F297252474DDF40033B1B9 /* Assets.xcassets in Resources */ = {isa = PBXBuildFile; fileRef = 21F297242474DDF40033B1B9 /* Assets.xcassets */; };
		21F297282474DDF40033B1B9 /* Main.storyboard in Resources */ = {isa = PBXBuildFile; fileRef = 21F297262474DDF40033B1B9 /* Main.storyboard */; };
		21F297312474F4CB0033B1B9 /* VaildAnagram.swift in Sources */ = {isa = PBXBuildFile; fileRef = 21F297302474F4CB0033B1B9 /* VaildAnagram.swift */; };
/* End PBXBuildFile section */

/* Begin PBXFileReference section */
		21F2971D2474DDEE0033B1B9 /* VaildWord.app */ = {isa = PBXFileReference; explicitFileType = wrapper.application; includeInIndex = 0; path = VaildWord.app; sourceTree = BUILT_PRODUCTS_DIR; };
		21F297202474DDEE0033B1B9 /* AppDelegate.swift */ = {isa = PBXFileReference; lastKnownFileType = sourcecode.swift; path = AppDelegate.swift; sourceTree = "<group>"; };
		21F297222474DDEE0033B1B9 /* ViewController.swift */ = {isa = PBXFileReference; lastKnownFileType = sourcecode.swift; path = ViewController.swift; sourceTree = "<group>"; };
		21F297242474DDF40033B1B9 /* Assets.xcassets */ = {isa = PBXFileReference; lastKnownFileType = folder.assetcatalog; path = Assets.xcassets; sourceTree = "<group>"; };
		21F297272474DDF40033B1B9 /* Base */ = {isa = PBXFileReference; lastKnownFileType = file.storyboard; name = Base; path = Base.lproj/Main.storyboard; sourceTree = "<group>"; };
		21F297292474DDF40033B1B9 /* Info.plist */ = {isa = PBXFileReference; lastKnownFileType = text.plist.xml; path = Info.plist; sourceTree = "<group>"; };
		21F2972A2474DDF40033B1B9 /* VaildWord.entitlements */ = {isa = PBXFileReference; lastKnownFileType = text.plist.entitlements; path = VaildWord.entitlements; sourceTree = "<group>"; };
		21F297302474F4CB0033B1B9 /* VaildAnagram.swift */ = {isa = PBXFileReference; lastKnownFileType = sourcecode.swift; path = VaildAnagram.swift; sourceTree = "<group>"; };
/* End PBXFileReference section */

/* Begin PBXFrameworksBuildPhase section */
		21F2971A2474DDEE0033B1B9 /* Frameworks */ = {
			isa = PBXFrameworksBuildPhase;
			buildActionMask = 2147483647;
			files = (
			);
			runOnlyForDeploymentPostprocessing = 0;
		};
/* End PBXFrameworksBuildPhase section */

/* Begin PBXGroup section */
		21F297142474DDEE0033B1B9 = {
			isa = PBXGroup;
			children = (
				21F2971F2474DDEE0033B1B9 /* VaildWord */,
				21F2971E2474DDEE0033B1B9 /* Products */,
			);
			sourceTree = "<group>";
		};
		21F2971E2474DDEE0033B1B9 /* Products */ = {
			isa = PBXGroup;
			children = (
				21F2971D2474DDEE0033B1B9 /* VaildWord.app */,
			);
			name = Products;
			sourceTree = "<group>";
		};
		21F2971F2474DDEE0033B1B9 /* VaildWord */ = {
			isa = PBXGroup;
			children = (
				21F297202474DDEE0033B1B9 /* AppDelegate.swift */,
				21F297222474DDEE0033B1B9 /* ViewController.swift */,
				21F297302474F4CB0033B1B9 /* VaildAnagram.swift */,
				21F297242474DDF40033B1B9 /* Assets.xcassets */,
				21F297262474DDF40033B1B9 /* Main.storyboard */,
				21F297292474DDF40033B1B9 /* Info.plist */,
				21F2972A2474DDF40033B1B9 /* VaildWord.entitlements */,
			);
			path = VaildWord;
			sourceTree = "<group>";
		};
/* End PBXGroup section */

/* Begin PBXNativeTarget section */
		21F2971C2474DDEE0033B1B9 /* VaildWord */ = {
			isa = PBXNativeTarget;
			buildConfigurationList = 21F2972D2474DDF40033B1B9 /* Build configuration list for PBXNativeTarget "VaildWord" */;
			buildPhases = (
				21F297192474DDEE0033B1B9 /* Sources */,
				21F2971A2474DDEE0033B1B9 /* Frameworks */,
				21F2971B2474DDEE0033B1B9 /* Resources */,
			);
			buildRules = (
			);
			dependencies = (
			);
			name = VaildWord;
			productName = VaildWord;
			productReference = 21F2971D2474DDEE0033B1B9 /* VaildWord.app */;
			productType = "com.apple.product-type.application";
		};
/* End PBXNativeTarget section */

/* Begin PBXProject section */
		21F297152474DDEE0033B1B9 /* Project object */ = {
			isa = PBXProject;
			attributes = {
				LastSwiftUpdateCheck = 1130;
				LastUpgradeCheck = 1130;
				ORGANIZATIONNAME = BAT;
				TargetAttributes = {
					21F2971C2474DDEE0033B1B9 = {
						CreatedOnToolsVersion = 11.3.1;
					};
				};
			};
			buildConfigurationList = 21F297182474DDEE0033B1B9 /* Build configuration list for PBXProject "VaildWord" */;
			compatibilityVersion = "Xcode 9.3";
			developmentRegion = en;
			hasScannedForEncodings = 0;
			knownRegions = (
				en,
				Base,
			);
			mainGroup = 21F297142474DDEE0033B1B9;
			productRefGroup = 21F2971E2474DDEE0033B1B9 /* Products */;
			projectDirPath = "";
			projectRoot = "";
			targets = (
				21F2971C2474DDEE0033B1B9 /* VaildWord */,
			);
		};
/* End PBXProject section */

/* Begin PBXResourcesBuildPhase section */
		21F2971B2474DDEE0033B1B9 /* Resources */ = {
			isa = PBXResourcesBuildPhase;
			buildActionMask = 2147483647;
			files = (
				21F297252474DDF40033B1B9 /* Assets.xcassets in Resources */,
				21F297282474DDF40033B1B9 /* Main.storyboard in Resources */,
			);
			runOnlyForDeploymentPostprocessing = 0;
		};
/* End PBXResourcesBuildPhase section */

/* Begin PBXSourcesBuildPhase section */
		21F297192474DDEE0033B1B9 /* Sources */ = {
			isa = PBXSourcesBuildPhase;
			buildActionMask = 2147483647;
			files = (
				21F297232474DDEE0033B1B9 /* ViewController.swift in Sources */,
				21F297312474F4CB0033B1B9 /* VaildAnagram.swift in Sources */,
				21F297212474DDEE0033B1B9 /* AppDelegate.swift in Sources */,
			);
			runOnlyForDeploymentPostprocessing = 0;
		};
/* End PBXSourcesBuildPhase section */

/* Begin PBXVariantGroup section */
		21F297262474DDF40033B1B9 /* Main.storyboard */ = {
			isa = PBXVariantGroup;
			children = (
				21F297272474DDF40033B1B9 /* Base */,
			);
			name = Main.storyboard;
			sourceTree = "<group>";
		};
/* End PBXVariantGroup section */

/* Begin XCBuildConfiguration section */
		21F2972B2474DDF40033B1B9 /* Debug */ = {
			isa = XCBuildConfiguration;
			buildSettings = {
				ALWAYS_SEARCH_USER_PATHS = NO;
				CLANG_ANALYZER_NONNULL = YES;
				CLANG_ANALYZER_NUMBER_OBJECT_CONVERSION = YES_AGGRESSIVE;
				CLANG_CXX_LANGUAGE_STANDARD = "gnu++14";
				CLANG_CXX_LIBRARY = "libc++";
				CLANG_ENABLE_MODULES = YES;
				CLANG_ENABLE_OBJC_ARC = YES;
				CLANG_ENABLE_OBJC_WEAK = YES;
				CLANG_WARN_BLOCK_CAPTURE_AUTORELEASING = YES;
				CLANG_WARN_BOOL_CONVERSION = YES;
				CLANG_WARN_COMMA = YES;
				CLANG_WARN_CONSTANT_CONVERSION = YES;
				CLANG_WARN_DEPRECATED_OBJC_IMPLEMENTATIONS = YES;
				CLANG_WARN_DIRECT_OBJC_ISA_USAGE = YES_ERROR;
				CLANG_WARN_DOCUMENTATION_COMMENTS = YES;
				CLANG_WARN_EMPTY_BODY = YES;
				CLANG_WARN_ENUM_CONVERSION = YES;
				CLANG_WARN_INFINITE_RECURSION = YES;
				CLANG_WARN_INT_CONVERSION = YES;
				CLANG_WARN_NON_LITERAL_NULL_CONVERSION = YES;
				CLANG_WARN_OBJC_IMPLICIT_RETAIN_SELF = YES;
				CLANG_WARN_OBJC_LITERAL_CONVERSION = YES;
				CLANG_WARN_OBJC_ROOT_CLASS = YES_ERROR;
				CLANG_WARN_RANGE_LOOP_ANALYSIS = YES;
				CLANG_WARN_STRICT_PROTOTYPES = YES;
				CLANG_WARN_SUSPICIOUS_MOVE = YES;
				CLANG_WARN_UNGUARDED_AVAILABILITY = YES_AGGRESSIVE;
				CLANG_WARN_UNREACHABLE_CODE = YES;
				CLANG_WARN__DUPLICATE_METHOD_MATCH = YES;
				COPY_PHASE_STRIP = NO;
				DEBUG_INFORMATION_FORMAT = dwarf;
				ENABLE_STRICT_OBJC_MSGSEND = YES;
				ENABLE_TESTABILITY = YES;
				GCC_C_LANGUAGE_STANDARD = gnu11;
				GCC_DYNAMIC_NO_PIC = NO;
				GCC_NO_COMMON_BLOCKS = YES;
				GCC_OPTIMIZATION_LEVEL = 0;
				GCC_PREPROCESSOR_DEFINITIONS = (
					"DEBUG=1",
					"$(inherited)",
				);
				GCC_WARN_64_TO_32_BIT_CONVERSION = YES;
				GCC_WARN_ABOUT_RETURN_TYPE = YES_ERROR;
				GCC_WARN_UNDECLARED_SELECTOR = YES;
				GCC_WARN_UNINITIALIZED_AUTOS = YES_AGGRESSIVE;
				GCC_WARN_UNUSED_FUNCTION = YES;
				GCC_WARN_UNUSED_VARIABLE = YES;
				MACOSX_DEPLOYMENT_TARGET = 10.15;
				MTL_ENABLE_DEBUG_INFO = INCLUDE_SOURCE;
				MTL_FAST_MATH = YES;
				ONLY_ACTIVE_ARCH = YES;
				SDKROOT = macosx;
				SWIFT_ACTIVE_COMPILATION_CONDITIONS = DEBUG;
				SWIFT_OPTIMIZATION_LEVEL = "-Onone";
			};
			name = Debug;
		};
		21F2972C2474DDF40033B1B9 /* Release */ = {
			isa = XCBuildConfiguration;
			buildSettings = {
				ALWAYS_SEARCH_USER_PATHS = NO;
				CLANG_ANALYZER_NONNULL = YES;
				CLANG_ANALYZER_NUMBER_OBJECT_CONVERSION = YES_AGGRESSIVE;
				CLANG_CXX_LANGUAGE_STANDARD = "gnu++14";
				CLANG_CXX_LIBRARY = "libc++";
				CLANG_ENABLE_MODULES = YES;
				CLANG_ENABLE_OBJC_ARC = YES;
				CLANG_ENABLE_OBJC_WEAK = YES;
				CLANG_WARN_BLOCK_CAPTURE_AUTORELEASING = YES;
				CLANG_WARN_BOOL_CONVERSION = YES;
				CLANG_WARN_COMMA = YES;
				CLANG_WARN_CONSTANT_CONVERSION = YES;
				CLANG_WARN_DEPRECATED_OBJC_IMPLEMENTATIONS = YES;
				CLANG_WARN_DIRECT_OBJC_ISA_USAGE = YES_ERROR;
				CLANG_WARN_DOCUMENTATION_COMMENTS = YES;
				CLANG_WARN_EMPTY_BODY = YES;
				CLANG_WARN_ENUM_CONVERSION = YES;
				CLANG_WARN_INFINITE_RECURSION = YES;
				CLANG_WARN_INT_CONVERSION = YES;
				CLANG_WARN_NON_LITERAL_NULL_CONVERSION = YES;
				CLANG_WARN_OBJC_IMPLICIT_RETAIN_SELF = YES;
				CLANG_WARN_OBJC_LITERAL_CONVERSION = YES;
				CLANG_WARN_OBJC_ROOT_CLASS = YES_ERROR;
				CLANG_WARN_RANGE_LOOP_ANALYSIS = YES;
				CLANG_WARN_STRICT_PROTOTYPES = YES;
				CLANG_WARN_SUSPICIOUS_MOVE = YES;
				CLANG_WARN_UNGUARDED_AVAILABILITY = YES_AGGRESSIVE;
				CLANG_WARN_UNREACHABLE_CODE = YES;
				CLANG_WARN__DUPLICATE_METHOD_MATCH = YES;
				COPY_PHASE_STRIP = NO;
				DEBUG_INFORMATION_FORMAT = "dwarf-with-dsym";
				ENABLE_NS_ASSERTIONS = NO;
				ENABLE_STRICT_OBJC_MSGSEND = YES;
				GCC_C_LANGUAGE_STANDARD = gnu11;
				GCC_NO_COMMON_BLOCKS = YES;
				GCC_WARN_64_TO_32_BIT_CONVERSION = YES;
				GCC_WARN_ABOUT_RETURN_TYPE = YES_ERROR;
				GCC_WARN_UNDECLARED_SELECTOR = YES;
				GCC_WARN_UNINITIALIZED_AUTOS = YES_AGGRESSIVE;
				GCC_WARN_UNUSED_FUNCTION = YES;
				GCC_WARN_UNUSED_VARIABLE = YES;
				MACOSX_DEPLOYMENT_TARGET = 10.15;
				MTL_ENABLE_DEBUG_INFO = NO;
				MTL_FAST_MATH = YES;
				SDKROOT = macosx;
				SWIFT_COMPILATION_MODE = wholemodule;
				SWIFT_OPTIMIZATION_LEVEL = "-O";
			};
			name = Release;
		};
		21F2972E2474DDF40033B1B9 /* Debug */ = {
			isa = XCBuildConfiguration;
			buildSettings = {
				ASSETCATALOG_COMPILER_APPICON_NAME = AppIcon;
				CODE_SIGN_ENTITLEMENTS = VaildWord/VaildWord.entitlements;
				CODE_SIGN_STYLE = Automatic;
				COMBINE_HIDPI_IMAGES = YES;
				DEVELOPMENT_TEAM = KB9FW2X72R;
				ENABLE_HARDENED_RUNTIME = YES;
				INFOPLIST_FILE = VaildWord/Info.plist;
				LD_RUNPATH_SEARCH_PATHS = (
					"$(inherited)",
					"@executable_path/../Frameworks",
				);
				MACOSX_DEPLOYMENT_TARGET = 10.10;
				PRODUCT_BUNDLE_IDENTIFIER = com.batword.www.VaildWord;
				PRODUCT_NAME = "$(TARGET_NAME)";
				SWIFT_VERSION = 5.0;
			};
			name = Debug;
		};
		21F2972F2474DDF40033B1B9 /* Release */ = {
			isa = XCBuildConfiguration;
			buildSettings = {
				ASSETCATALOG_COMPILER_APPICON_NAME = AppIcon;
				CODE_SIGN_ENTITLEMENTS = VaildWord/VaildWord.entitlements;
				CODE_SIGN_STYLE = Automatic;
				COMBINE_HIDPI_IMAGES = YES;
				DEVELOPMENT_TEAM = KB9FW2X72R;
				ENABLE_HARDENED_RUNTIME = YES;
				INFOPLIST_FILE = VaildWord/Info.plist;
				LD_RUNPATH_SEARCH_PATHS = (
					"$(inherited)",
					"@executable_path/../Frameworks",
				);
				MACOSX_DEPLOYMENT_TARGET = 10.10;
				PRODUCT_BUNDLE_IDENTIFIER = com.batword.www.VaildWord;
				PRODUCT_NAME = "$(TARGET_NAME)";
				SWIFT_VERSION = 5.0;
			};
			name = Release;
		};
/* End XCBuildConfiguration section */

/* Begin XCConfigurationList section */
		21F297182474DDEE0033B1B9 /* Build configuration list for PBXProject "VaildWord" */ = {
			isa = XCConfigurationList;
			buildConfigurations = (
				21F2972B2474DDF40033B1B9 /* Debug */,
				21F2972C2474DDF40033B1B9 /* Release */,
			);
			defaultConfigurationIsVisible = 0;
			defaultConfigurationName = Release;
		};
		21F2972D2474DDF40033B1B9 /* Build configuration list for PBXNativeTarget "VaildWord" */ = {
			isa = XCConfigurationList;
			buildConfigurations = (
				21F2972E2474DDF40033B1B9 /* Debug */,
				21F2972F2474DDF40033B1B9 /* Release */,
			);
			defaultConfigurationIsVisible = 0;
			defaultConfigurationName = Release;
		};
/* End XCConfigurationList section */
	};
	rootObject = 21F297152474DDEE0033B1B9 /* Project object */;
}
