// !$*UTF8*$!
{
	archiveVersion = 1;
	classes = {
	};
	objectVersion = 50;
	objects = {

/* Begin PBXBuildFile section */
		21F2975B2475042B0033B1B9 /* AppDelegate.swift in Sources */ = {isa = PBXBuildFile; fileRef = 21F2975A2475042B0033B1B9 /* AppDelegate.swift */; };
		21F2975D2475042D0033B1B9 /* Assets.xcassets in Resources */ = {isa = PBXBuildFile; fileRef = 21F2975C2475042D0033B1B9 /* Assets.xcassets */; };
		21F297602475042D0033B1B9 /* MainMenu.xib in Resources */ = {isa = PBXBuildFile; fileRef = 21F2975E2475042D0033B1B9 /* MainMenu.xib */; };
		21F297692475049D0033B1B9 /* TreeNode.swift in Sources */ = {isa = PBXBuildFile; fileRef = 21F297682475049D0033B1B9 /* TreeNode.swift */; };
		21F2976B247506A50033B1B9 /* VaildBST.swift in Sources */ = {isa = PBXBuildFile; fileRef = 21F2976A247506A50033B1B9 /* VaildBST.swift */; };
		21F2976D24751D590033B1B9 /* LowestCommon.swift in Sources */ = {isa = PBXBuildFile; fileRef = 21F2976C24751D590033B1B9 /* LowestCommon.swift */; };
		21F29784247530880033B1B9 /* BinaryTreeTests.swift in Sources */ = {isa = PBXBuildFile; fileRef = 21F29783247530880033B1B9 /* BinaryTreeTests.swift */; };
		21F2978B247530A20033B1B9 /* TreeNode.swift in Sources */ = {isa = PBXBuildFile; fileRef = 21F297682475049D0033B1B9 /* TreeNode.swift */; };
		21F2978C247530A40033B1B9 /* VaildBST.swift in Sources */ = {isa = PBXBuildFile; fileRef = 21F2976A247506A50033B1B9 /* VaildBST.swift */; };
		21F2978D247530A60033B1B9 /* LowestCommon.swift in Sources */ = {isa = PBXBuildFile; fileRef = 21F2976C24751D590033B1B9 /* LowestCommon.swift */; };
/* End PBXBuildFile section */

/* Begin PBXContainerItemProxy section */
		21F29786247530880033B1B9 /* PBXContainerItemProxy */ = {
			isa = PBXContainerItemProxy;
			containerPortal = 21F2974F2475042B0033B1B9 /* Project object */;
			proxyType = 1;
			remoteGlobalIDString = 21F297562475042B0033B1B9;
			remoteInfo = BinaryTree;
		};
/* End PBXContainerItemProxy section */

/* Begin PBXFileReference section */
		21F297572475042B0033B1B9 /* BinaryTree.app */ = {isa = PBXFileReference; explicitFileType = wrapper.application; includeInIndex = 0; path = BinaryTree.app; sourceTree = BUILT_PRODUCTS_DIR; };
		21F2975A2475042B0033B1B9 /* AppDelegate.swift */ = {isa = PBXFileReference; lastKnownFileType = sourcecode.swift; path = AppDelegate.swift; sourceTree = "<group>"; };
		21F2975C2475042D0033B1B9 /* Assets.xcassets */ = {isa = PBXFileReference; lastKnownFileType = folder.assetcatalog; path = Assets.xcassets; sourceTree = "<group>"; };
		21F2975F2475042D0033B1B9 /* Base */ = {isa = PBXFileReference; lastKnownFileType = file.xib; name = Base; path = Base.lproj/MainMenu.xib; sourceTree = "<group>"; };
		21F297612475042D0033B1B9 /* Info.plist */ = {isa = PBXFileReference; lastKnownFileType = text.plist.xml; path = Info.plist; sourceTree = "<group>"; };
		21F297622475042D0033B1B9 /* BinaryTree.entitlements */ = {isa = PBXFileReference; lastKnownFileType = text.plist.entitlements; path = BinaryTree.entitlements; sourceTree = "<group>"; };
		21F297682475049D0033B1B9 /* TreeNode.swift */ = {isa = PBXFileReference; lastKnownFileType = sourcecode.swift; path = TreeNode.swift; sourceTree = "<group>"; };
		21F2976A247506A50033B1B9 /* VaildBST.swift */ = {isa = PBXFileReference; lastKnownFileType = sourcecode.swift; path = VaildBST.swift; sourceTree = "<group>"; };
		21F2976C24751D590033B1B9 /* LowestCommon.swift */ = {isa = PBXFileReference; lastKnownFileType = sourcecode.swift; path = LowestCommon.swift; sourceTree = "<group>"; };
		21F29781247530880033B1B9 /* BinaryTreeTests.xctest */ = {isa = PBXFileReference; explicitFileType = wrapper.cfbundle; includeInIndex = 0; path = BinaryTreeTests.xctest; sourceTree = BUILT_PRODUCTS_DIR; };
		21F29783247530880033B1B9 /* BinaryTreeTests.swift */ = {isa = PBXFileReference; lastKnownFileType = sourcecode.swift; path = BinaryTreeTests.swift; sourceTree = "<group>"; };
		21F29785247530880033B1B9 /* Info.plist */ = {isa = PBXFileReference; lastKnownFileType = text.plist.xml; path = Info.plist; sourceTree = "<group>"; };
/* End PBXFileReference section */

/* Begin PBXFrameworksBuildPhase section */
		21F297542475042B0033B1B9 /* Frameworks */ = {
			isa = PBXFrameworksBuildPhase;
			buildActionMask = 2147483647;
			files = (
			);
			runOnlyForDeploymentPostprocessing = 0;
		};
		21F2977E247530880033B1B9 /* Frameworks */ = {
			isa = PBXFrameworksBuildPhase;
			buildActionMask = 2147483647;
			files = (
			);
			runOnlyForDeploymentPostprocessing = 0;
		};
/* End PBXFrameworksBuildPhase section */

/* Begin PBXGroup section */
		21F2974E2475042B0033B1B9 = {
			isa = PBXGroup;
			children = (
				21F297592475042B0033B1B9 /* BinaryTree */,
				21F29782247530880033B1B9 /* BinaryTreeTests */,
				21F297582475042B0033B1B9 /* Products */,
			);
			sourceTree = "<group>";
		};
		21F297582475042B0033B1B9 /* Products */ = {
			isa = PBXGroup;
			children = (
				21F297572475042B0033B1B9 /* BinaryTree.app */,
				21F29781247530880033B1B9 /* BinaryTreeTests.xctest */,
			);
			name = Products;
			sourceTree = "<group>";
		};
		21F297592475042B0033B1B9 /* BinaryTree */ = {
			isa = PBXGroup;
			children = (
				21F2975A2475042B0033B1B9 /* AppDelegate.swift */,
				21F297682475049D0033B1B9 /* TreeNode.swift */,
				21F2976A247506A50033B1B9 /* VaildBST.swift */,
				21F2976C24751D590033B1B9 /* LowestCommon.swift */,
				21F2975C2475042D0033B1B9 /* Assets.xcassets */,
				21F2975E2475042D0033B1B9 /* MainMenu.xib */,
				21F297612475042D0033B1B9 /* Info.plist */,
				21F297622475042D0033B1B9 /* BinaryTree.entitlements */,
			);
			path = BinaryTree;
			sourceTree = "<group>";
		};
		21F29782247530880033B1B9 /* BinaryTreeTests */ = {
			isa = PBXGroup;
			children = (
				21F29783247530880033B1B9 /* BinaryTreeTests.swift */,
				21F29785247530880033B1B9 /* Info.plist */,
			);
			path = BinaryTreeTests;
			sourceTree = "<group>";
		};
/* End PBXGroup section */

/* Begin PBXNativeTarget section */
		21F297562475042B0033B1B9 /* BinaryTree */ = {
			isa = PBXNativeTarget;
			buildConfigurationList = 21F297652475042D0033B1B9 /* Build configuration list for PBXNativeTarget "BinaryTree" */;
			buildPhases = (
				21F297532475042B0033B1B9 /* Sources */,
				21F297542475042B0033B1B9 /* Frameworks */,
				21F297552475042B0033B1B9 /* Resources */,
			);
			buildRules = (
			);
			dependencies = (
			);
			name = BinaryTree;
			productName = BinaryTree;
			productReference = 21F297572475042B0033B1B9 /* BinaryTree.app */;
			productType = "com.apple.product-type.application";
		};
		21F29780247530880033B1B9 /* BinaryTreeTests */ = {
			isa = PBXNativeTarget;
			buildConfigurationList = 21F29788247530880033B1B9 /* Build configuration list for PBXNativeTarget "BinaryTreeTests" */;
			buildPhases = (
				21F2977D247530880033B1B9 /* Sources */,
				21F2977E247530880033B1B9 /* Frameworks */,
				21F2977F247530880033B1B9 /* Resources */,
			);
			buildRules = (
			);
			dependencies = (
				21F29787247530880033B1B9 /* PBXTargetDependency */,
			);
			name = BinaryTreeTests;
			productName = BinaryTreeTests;
			productReference = 21F29781247530880033B1B9 /* BinaryTreeTests.xctest */;
			productType = "com.apple.product-type.bundle.unit-test";
		};
/* End PBXNativeTarget section */

/* Begin PBXProject section */
		21F2974F2475042B0033B1B9 /* Project object */ = {
			isa = PBXProject;
			attributes = {
				LastSwiftUpdateCheck = 1130;
				LastUpgradeCheck = 1130;
				ORGANIZATIONNAME = BAT;
				TargetAttributes = {
					21F297562475042B0033B1B9 = {
						CreatedOnToolsVersion = 11.3.1;
					};
					21F29780247530880033B1B9 = {
						CreatedOnToolsVersion = 11.3.1;
						TestTargetID = 21F297562475042B0033B1B9;
					};
				};
			};
			buildConfigurationList = 21F297522475042B0033B1B9 /* Build configuration list for PBXProject "BinaryTree" */;
			compatibilityVersion = "Xcode 9.3";
			developmentRegion = en;
			hasScannedForEncodings = 0;
			knownRegions = (
				en,
				Base,
			);
			mainGroup = 21F2974E2475042B0033B1B9;
			productRefGroup = 21F297582475042B0033B1B9 /* Products */;
			projectDirPath = "";
			projectRoot = "";
			targets = (
				21F297562475042B0033B1B9 /* BinaryTree */,
				21F29780247530880033B1B9 /* BinaryTreeTests */,
			);
		};
/* End PBXProject section */

/* Begin PBXResourcesBuildPhase section */
		21F297552475042B0033B1B9 /* Resources */ = {
			isa = PBXResourcesBuildPhase;
			buildActionMask = 2147483647;
			files = (
				21F2975D2475042D0033B1B9 /* Assets.xcassets in Resources */,
				21F297602475042D0033B1B9 /* MainMenu.xib in Resources */,
			);
			runOnlyForDeploymentPostprocessing = 0;
		};
		21F2977F247530880033B1B9 /* Resources */ = {
			isa = PBXResourcesBuildPhase;
			buildActionMask = 2147483647;
			files = (
			);
			runOnlyForDeploymentPostprocessing = 0;
		};
/* End PBXResourcesBuildPhase section */

/* Begin PBXSourcesBuildPhase section */
		21F297532475042B0033B1B9 /* Sources */ = {
			isa = PBXSourcesBuildPhase;
			buildActionMask = 2147483647;
			files = (
				21F2976D24751D590033B1B9 /* LowestCommon.swift in Sources */,
				21F2975B2475042B0033B1B9 /* AppDelegate.swift in Sources */,
				21F297692475049D0033B1B9 /* TreeNode.swift in Sources */,
				21F2976B247506A50033B1B9 /* VaildBST.swift in Sources */,
			);
			runOnlyForDeploymentPostprocessing = 0;
		};
		21F2977D247530880033B1B9 /* Sources */ = {
			isa = PBXSourcesBuildPhase;
			buildActionMask = 2147483647;
			files = (
				21F2978D247530A60033B1B9 /* LowestCommon.swift in Sources */,
				21F2978C247530A40033B1B9 /* VaildBST.swift in Sources */,
				21F29784247530880033B1B9 /* BinaryTreeTests.swift in Sources */,
				21F2978B247530A20033B1B9 /* TreeNode.swift in Sources */,
			);
			runOnlyForDeploymentPostprocessing = 0;
		};
/* End PBXSourcesBuildPhase section */

/* Begin PBXTargetDependency section */
		21F29787247530880033B1B9 /* PBXTargetDependency */ = {
			isa = PBXTargetDependency;
			target = 21F297562475042B0033B1B9 /* BinaryTree */;
			targetProxy = 21F29786247530880033B1B9 /* PBXContainerItemProxy */;
		};
/* End PBXTargetDependency section */

/* Begin PBXVariantGroup section */
		21F2975E2475042D0033B1B9 /* MainMenu.xib */ = {
			isa = PBXVariantGroup;
			children = (
				21F2975F2475042D0033B1B9 /* Base */,
			);
			name = MainMenu.xib;
			sourceTree = "<group>";
		};
/* End PBXVariantGroup section */

/* Begin XCBuildConfiguration section */
		21F297632475042D0033B1B9 /* Debug */ = {
			isa = XCBuildConfiguration;
			buildSettings = {
				ALWAYS_SEARCH_USER_PATHS = NO;
				CLANG_ANALYZER_NONNULL = YES;
				CLANG_ANALYZER_NUMBER_OBJECT_CONVERSION = YES_AGGRESSIVE;
				CLANG_CXX_LANGUAGE_STANDARD = "gnu++14";
				CLANG_CXX_LIBRARY = "libc++";
				CLANG_ENABLE_MODULES = YES;
				CLANG_ENABLE_OBJC_ARC = YES;
				CLANG_ENABLE_OBJC_WEAK = YES;
				CLANG_WARN_BLOCK_CAPTURE_AUTORELEASING = YES;
				CLANG_WARN_BOOL_CONVERSION = YES;
				CLANG_WARN_COMMA = YES;
				CLANG_WARN_CONSTANT_CONVERSION = YES;
				CLANG_WARN_DEPRECATED_OBJC_IMPLEMENTATIONS = YES;
				CLANG_WARN_DIRECT_OBJC_ISA_USAGE = YES_ERROR;
				CLANG_WARN_DOCUMENTATION_COMMENTS = YES;
				CLANG_WARN_EMPTY_BODY = YES;
				CLANG_WARN_ENUM_CONVERSION = YES;
				CLANG_WARN_INFINITE_RECURSION = YES;
				CLANG_WARN_INT_CONVERSION = YES;
				CLANG_WARN_NON_LITERAL_NULL_CONVERSION = YES;
				CLANG_WARN_OBJC_IMPLICIT_RETAIN_SELF = YES;
				CLANG_WARN_OBJC_LITERAL_CONVERSION = YES;
				CLANG_WARN_OBJC_ROOT_CLASS = YES_ERROR;
				CLANG_WARN_RANGE_LOOP_ANALYSIS = YES;
				CLANG_WARN_STRICT_PROTOTYPES = YES;
				CLANG_WARN_SUSPICIOUS_MOVE = YES;
				CLANG_WARN_UNGUARDED_AVAILABILITY = YES_AGGRESSIVE;
				CLANG_WARN_UNREACHABLE_CODE = YES;
				CLANG_WARN__DUPLICATE_METHOD_MATCH = YES;
				COPY_PHASE_STRIP = NO;
				DEBUG_INFORMATION_FORMAT = dwarf;
				ENABLE_STRICT_OBJC_MSGSEND = YES;
				ENABLE_TESTABILITY = YES;
				GCC_C_LANGUAGE_STANDARD = gnu11;
				GCC_DYNAMIC_NO_PIC = NO;
				GCC_NO_COMMON_BLOCKS = YES;
				GCC_OPTIMIZATION_LEVEL = 0;
				GCC_PREPROCESSOR_DEFINITIONS = (
					"DEBUG=1",
					"$(inherited)",
				);
				GCC_WARN_64_TO_32_BIT_CONVERSION = YES;
				GCC_WARN_ABOUT_RETURN_TYPE = YES_ERROR;
				GCC_WARN_UNDECLARED_SELECTOR = YES;
				GCC_WARN_UNINITIALIZED_AUTOS = YES_AGGRESSIVE;
				GCC_WARN_UNUSED_FUNCTION = YES;
				GCC_WARN_UNUSED_VARIABLE = YES;
				MACOSX_DEPLOYMENT_TARGET = 10.15;
				MTL_ENABLE_DEBUG_INFO = INCLUDE_SOURCE;
				MTL_FAST_MATH = YES;
				ONLY_ACTIVE_ARCH = YES;
				SDKROOT = macosx;
				SWIFT_ACTIVE_COMPILATION_CONDITIONS = DEBUG;
				SWIFT_OPTIMIZATION_LEVEL = "-Onone";
			};
			name = Debug;
		};
		21F297642475042D0033B1B9 /* Release */ = {
			isa = XCBuildConfiguration;
			buildSettings = {
				ALWAYS_SEARCH_USER_PATHS = NO;
				CLANG_ANALYZER_NONNULL = YES;
				CLANG_ANALYZER_NUMBER_OBJECT_CONVERSION = YES_AGGRESSIVE;
				CLANG_CXX_LANGUAGE_STANDARD = "gnu++14";
				CLANG_CXX_LIBRARY = "libc++";
				CLANG_ENABLE_MODULES = YES;
				CLANG_ENABLE_OBJC_ARC = YES;
				CLANG_ENABLE_OBJC_WEAK = YES;
				CLANG_WARN_BLOCK_CAPTURE_AUTORELEASING = YES;
				CLANG_WARN_BOOL_CONVERSION = YES;
				CLANG_WARN_COMMA = YES;
				CLANG_WARN_CONSTANT_CONVERSION = YES;
				CLANG_WARN_DEPRECATED_OBJC_IMPLEMENTATIONS = YES;
				CLANG_WARN_DIRECT_OBJC_ISA_USAGE = YES_ERROR;
				CLANG_WARN_DOCUMENTATION_COMMENTS = YES;
				CLANG_WARN_EMPTY_BODY = YES;
				CLANG_WARN_ENUM_CONVERSION = YES;
				CLANG_WARN_INFINITE_RECURSION = YES;
				CLANG_WARN_INT_CONVERSION = YES;
				CLANG_WARN_NON_LITERAL_NULL_CONVERSION = YES;
				CLANG_WARN_OBJC_IMPLICIT_RETAIN_SELF = YES;
				CLANG_WARN_OBJC_LITERAL_CONVERSION = YES;
				CLANG_WARN_OBJC_ROOT_CLASS = YES_ERROR;
				CLANG_WARN_RANGE_LOOP_ANALYSIS = YES;
				CLANG_WARN_STRICT_PROTOTYPES = YES;
				CLANG_WARN_SUSPICIOUS_MOVE = YES;
				CLANG_WARN_UNGUARDED_AVAILABILITY = YES_AGGRESSIVE;
				CLANG_WARN_UNREACHABLE_CODE = YES;
				CLANG_WARN__DUPLICATE_METHOD_MATCH = YES;
				COPY_PHASE_STRIP = NO;
				DEBUG_INFORMATION_FORMAT = "dwarf-with-dsym";
				ENABLE_NS_ASSERTIONS = NO;
				ENABLE_STRICT_OBJC_MSGSEND = YES;
				GCC_C_LANGUAGE_STANDARD = gnu11;
				GCC_NO_COMMON_BLOCKS = YES;
				GCC_WARN_64_TO_32_BIT_CONVERSION = YES;
				GCC_WARN_ABOUT_RETURN_TYPE = YES_ERROR;
				GCC_WARN_UNDECLARED_SELECTOR = YES;
				GCC_WARN_UNINITIALIZED_AUTOS = YES_AGGRESSIVE;
				GCC_WARN_UNUSED_FUNCTION = YES;
				GCC_WARN_UNUSED_VARIABLE = YES;
				MACOSX_DEPLOYMENT_TARGET = 10.15;
				MTL_ENABLE_DEBUG_INFO = NO;
				MTL_FAST_MATH = YES;
				SDKROOT = macosx;
				SWIFT_COMPILATION_MODE = wholemodule;
				SWIFT_OPTIMIZATION_LEVEL = "-O";
			};
			name = Release;
		};
		21F297662475042D0033B1B9 /* Debug */ = {
			isa = XCBuildConfiguration;
			buildSettings = {
				ASSETCATALOG_COMPILER_APPICON_NAME = AppIcon;
				CODE_SIGN_ENTITLEMENTS = BinaryTree/BinaryTree.entitlements;
				CODE_SIGN_STYLE = Automatic;
				COMBINE_HIDPI_IMAGES = YES;
				DEVELOPMENT_TEAM = KB9FW2X72R;
				ENABLE_HARDENED_RUNTIME = YES;
				INFOPLIST_FILE = BinaryTree/Info.plist;
				LD_RUNPATH_SEARCH_PATHS = (
					"$(inherited)",
					"@executable_path/../Frameworks",
				);
				MACOSX_DEPLOYMENT_TARGET = 10.9;
				PRODUCT_BUNDLE_IDENTIFIER = com.batword.www.BinaryTree;
				PRODUCT_NAME = "$(TARGET_NAME)";
				SWIFT_VERSION = 5.0;
			};
			name = Debug;
		};
		21F297672475042D0033B1B9 /* Release */ = {
			isa = XCBuildConfiguration;
			buildSettings = {
				ASSETCATALOG_COMPILER_APPICON_NAME = AppIcon;
				CODE_SIGN_ENTITLEMENTS = BinaryTree/BinaryTree.entitlements;
				CODE_SIGN_STYLE = Automatic;
				COMBINE_HIDPI_IMAGES = YES;
				DEVELOPMENT_TEAM = KB9FW2X72R;
				ENABLE_HARDENED_RUNTIME = YES;
				INFOPLIST_FILE = BinaryTree/Info.plist;
				LD_RUNPATH_SEARCH_PATHS = (
					"$(inherited)",
					"@executable_path/../Frameworks",
				);
				MACOSX_DEPLOYMENT_TARGET = 10.9;
				PRODUCT_BUNDLE_IDENTIFIER = com.batword.www.BinaryTree;
				PRODUCT_NAME = "$(TARGET_NAME)";
				SWIFT_VERSION = 5.0;
			};
			name = Release;
		};
		21F29789247530880033B1B9 /* Debug */ = {
			isa = XCBuildConfiguration;
			buildSettings = {
				BUNDLE_LOADER = "$(TEST_HOST)";
				CODE_SIGN_STYLE = Automatic;
				COMBINE_HIDPI_IMAGES = YES;
				DEVELOPMENT_TEAM = KB9FW2X72R;
				INFOPLIST_FILE = BinaryTreeTests/Info.plist;
				LD_RUNPATH_SEARCH_PATHS = (
					"$(inherited)",
					"@executable_path/../Frameworks",
					"@loader_path/../Frameworks",
				);
				PRODUCT_BUNDLE_IDENTIFIER = com.batword.www.BinaryTreeTests;
				PRODUCT_NAME = "$(TARGET_NAME)";
				SWIFT_VERSION = 5.0;
				TEST_HOST = "$(BUILT_PRODUCTS_DIR)/BinaryTree.app/Contents/MacOS/BinaryTree";
			};
			name = Debug;
		};
		21F2978A247530880033B1B9 /* Release */ = {
			isa = XCBuildConfiguration;
			buildSettings = {
				BUNDLE_LOADER = "$(TEST_HOST)";
				CODE_SIGN_STYLE = Automatic;
				COMBINE_HIDPI_IMAGES = YES;
				DEVELOPMENT_TEAM = KB9FW2X72R;
				INFOPLIST_FILE = BinaryTreeTests/Info.plist;
				LD_RUNPATH_SEARCH_PATHS = (
					"$(inherited)",
					"@executable_path/../Frameworks",
					"@loader_path/../Frameworks",
				);
				PRODUCT_BUNDLE_IDENTIFIER = com.batword.www.BinaryTreeTests;
				PRODUCT_NAME = "$(TARGET_NAME)";
				SWIFT_VERSION = 5.0;
				TEST_HOST = "$(BUILT_PRODUCTS_DIR)/BinaryTree.app/Contents/MacOS/BinaryTree";
			};
			name = Release;
		};
/* End XCBuildConfiguration section */

/* Begin XCConfigurationList section */
		21F297522475042B0033B1B9 /* Build configuration list for PBXProject "BinaryTree" */ = {
			isa = XCConfigurationList;
			buildConfigurations = (
				21F297632475042D0033B1B9 /* Debug */,
				21F297642475042D0033B1B9 /* Release */,
			);
			defaultConfigurationIsVisible = 0;
			defaultConfigurationName = Release;
		};
		21F297652475042D0033B1B9 /* Build configuration list for PBXNativeTarget "BinaryTree" */ = {
			isa = XCConfigurationList;
			buildConfigurations = (
				21F297662475042D0033B1B9 /* Debug */,
				21F297672475042D0033B1B9 /* Release */,
			);
			defaultConfigurationIsVisible = 0;
			defaultConfigurationName = Release;
		};
		21F29788247530880033B1B9 /* Build configuration list for PBXNativeTarget "BinaryTreeTests" */ = {
			isa = XCConfigurationList;
			buildConfigurations = (
				21F29789247530880033B1B9 /* Debug */,
				21F2978A247530880033B1B9 /* Release */,
			);
			defaultConfigurationIsVisible = 0;
			defaultConfigurationName = Release;
		};
/* End XCConfigurationList section */
	};
	rootObject = 21F2974F2475042B0033B1B9 /* Project object */;
}
