// !$*UTF8*$!
{
	archiveVersion = 1;
	classes = {
	};
	objectVersion = 50;
	objects = {

/* Begin PBXBuildFile section */
		219B0BAB247B6BA000F8A8FF /* AppDelegate.swift in Sources */ = {isa = PBXBuildFile; fileRef = 219B0BAA247B6BA000F8A8FF /* AppDelegate.swift */; };
		219B0BAD247B6BA000F8A8FF /* ViewController.swift in Sources */ = {isa = PBXBuildFile; fileRef = 219B0BAC247B6BA000F8A8FF /* ViewController.swift */; };
		219B0BAF247B6BA400F8A8FF /* Assets.xcassets in Resources */ = {isa = PBXBuildFile; fileRef = 219B0BAE247B6BA400F8A8FF /* Assets.xcassets */; };
		219B0BB2247B6BA400F8A8FF /* Main.storyboard in Resources */ = {isa = PBXBuildFile; fileRef = 219B0BB0247B6BA400F8A8FF /* Main.storyboard */; };
/* End PBXBuildFile section */

/* Begin PBXFileReference section */
		219B0BA7247B6BA000F8A8FF /* NQueue.app */ = {isa = PBXFileReference; explicitFileType = wrapper.application; includeInIndex = 0; path = NQueue.app; sourceTree = BUILT_PRODUCTS_DIR; };
		219B0BAA247B6BA000F8A8FF /* AppDelegate.swift */ = {isa = PBXFileReference; lastKnownFileType = sourcecode.swift; path = AppDelegate.swift; sourceTree = "<group>"; };
		219B0BAC247B6BA000F8A8FF /* ViewController.swift */ = {isa = PBXFileReference; lastKnownFileType = sourcecode.swift; path = ViewController.swift; sourceTree = "<group>"; };
		219B0BAE247B6BA400F8A8FF /* Assets.xcassets */ = {isa = PBXFileReference; lastKnownFileType = folder.assetcatalog; path = Assets.xcassets; sourceTree = "<group>"; };
		219B0BB1247B6BA400F8A8FF /* Base */ = {isa = PBXFileReference; lastKnownFileType = file.storyboard; name = Base; path = Base.lproj/Main.storyboard; sourceTree = "<group>"; };
		219B0BB3247B6BA400F8A8FF /* Info.plist */ = {isa = PBXFileReference; lastKnownFileType = text.plist.xml; path = Info.plist; sourceTree = "<group>"; };
		219B0BB4247B6BA400F8A8FF /* NQueue.entitlements */ = {isa = PBXFileReference; lastKnownFileType = text.plist.entitlements; path = NQueue.entitlements; sourceTree = "<group>"; };
/* End PBXFileReference section */

/* Begin PBXFrameworksBuildPhase section */
		219B0BA4247B6BA000F8A8FF /* Frameworks */ = {
			isa = PBXFrameworksBuildPhase;
			buildActionMask = 2147483647;
			files = (
			);
			runOnlyForDeploymentPostprocessing = 0;
		};
/* End PBXFrameworksBuildPhase section */

/* Begin PBXGroup section */
		219B0B9E247B6BA000F8A8FF = {
			isa = PBXGroup;
			children = (
				219B0BA9247B6BA000F8A8FF /* NQueue */,
				219B0BA8247B6BA000F8A8FF /* Products */,
			);
			sourceTree = "<group>";
		};
		219B0BA8247B6BA000F8A8FF /* Products */ = {
			isa = PBXGroup;
			children = (
				219B0BA7247B6BA000F8A8FF /* NQueue.app */,
			);
			name = Products;
			sourceTree = "<group>";
		};
		219B0BA9247B6BA000F8A8FF /* NQueue */ = {
			isa = PBXGroup;
			children = (
				219B0BAA247B6BA000F8A8FF /* AppDelegate.swift */,
				219B0BAC247B6BA000F8A8FF /* ViewController.swift */,
				219B0BAE247B6BA400F8A8FF /* Assets.xcassets */,
				219B0BB0247B6BA400F8A8FF /* Main.storyboard */,
				219B0BB3247B6BA400F8A8FF /* Info.plist */,
				219B0BB4247B6BA400F8A8FF /* NQueue.entitlements */,
			);
			path = NQueue;
			sourceTree = "<group>";
		};
/* End PBXGroup section */

/* Begin PBXNativeTarget section */
		219B0BA6247B6BA000F8A8FF /* NQueue */ = {
			isa = PBXNativeTarget;
			buildConfigurationList = 219B0BB7247B6BA400F8A8FF /* Build configuration list for PBXNativeTarget "NQueue" */;
			buildPhases = (
				219B0BA3247B6BA000F8A8FF /* Sources */,
				219B0BA4247B6BA000F8A8FF /* Frameworks */,
				219B0BA5247B6BA000F8A8FF /* Resources */,
			);
			buildRules = (
			);
			dependencies = (
			);
			name = NQueue;
			productName = NQueue;
			productReference = 219B0BA7247B6BA000F8A8FF /* NQueue.app */;
			productType = "com.apple.product-type.application";
		};
/* End PBXNativeTarget section */

/* Begin PBXProject section */
		219B0B9F247B6BA000F8A8FF /* Project object */ = {
			isa = PBXProject;
			attributes = {
				LastSwiftUpdateCheck = 1130;
				LastUpgradeCheck = 1130;
				ORGANIZATIONNAME = BAT;
				TargetAttributes = {
					219B0BA6247B6BA000F8A8FF = {
						CreatedOnToolsVersion = 11.3.1;
					};
				};
			};
			buildConfigurationList = 219B0BA2247B6BA000F8A8FF /* Build configuration list for PBXProject "NQueue" */;
			compatibilityVersion = "Xcode 9.3";
			developmentRegion = en;
			hasScannedForEncodings = 0;
			knownRegions = (
				en,
				Base,
			);
			mainGroup = 219B0B9E247B6BA000F8A8FF;
			productRefGroup = 219B0BA8247B6BA000F8A8FF /* Products */;
			projectDirPath = "";
			projectRoot = "";
			targets = (
				219B0BA6247B6BA000F8A8FF /* NQueue */,
			);
		};
/* End PBXProject section */

/* Begin PBXResourcesBuildPhase section */
		219B0BA5247B6BA000F8A8FF /* Resources */ = {
			isa = PBXResourcesBuildPhase;
			buildActionMask = 2147483647;
			files = (
				219B0BAF247B6BA400F8A8FF /* Assets.xcassets in Resources */,
				219B0BB2247B6BA400F8A8FF /* Main.storyboard in Resources */,
			);
			runOnlyForDeploymentPostprocessing = 0;
		};
/* End PBXResourcesBuildPhase section */

/* Begin PBXSourcesBuildPhase section */
		219B0BA3247B6BA000F8A8FF /* Sources */ = {
			isa = PBXSourcesBuildPhase;
			buildActionMask = 2147483647;
			files = (
				219B0BAD247B6BA000F8A8FF /* ViewController.swift in Sources */,
				219B0BAB247B6BA000F8A8FF /* AppDelegate.swift in Sources */,
			);
			runOnlyForDeploymentPostprocessing = 0;
		};
/* End PBXSourcesBuildPhase section */

/* Begin PBXVariantGroup section */
		219B0BB0247B6BA400F8A8FF /* Main.storyboard */ = {
			isa = PBXVariantGroup;
			children = (
				219B0BB1247B6BA400F8A8FF /* Base */,
			);
			name = Main.storyboard;
			sourceTree = "<group>";
		};
/* End PBXVariantGroup section */

/* Begin XCBuildConfiguration section */
		219B0BB5247B6BA400F8A8FF /* Debug */ = {
			isa = XCBuildConfiguration;
			buildSettings = {
				ALWAYS_SEARCH_USER_PATHS = NO;
				CLANG_ANALYZER_NONNULL = YES;
				CLANG_ANALYZER_NUMBER_OBJECT_CONVERSION = YES_AGGRESSIVE;
				CLANG_CXX_LANGUAGE_STANDARD = "gnu++14";
				CLANG_CXX_LIBRARY = "libc++";
				CLANG_ENABLE_MODULES = YES;
				CLANG_ENABLE_OBJC_ARC = YES;
				CLANG_ENABLE_OBJC_WEAK = YES;
				CLANG_WARN_BLOCK_CAPTURE_AUTORELEASING = YES;
				CLANG_WARN_BOOL_CONVERSION = YES;
				CLANG_WARN_COMMA = YES;
				CLANG_WARN_CONSTANT_CONVERSION = YES;
				CLANG_WARN_DEPRECATED_OBJC_IMPLEMENTATIONS = YES;
				CLANG_WARN_DIRECT_OBJC_ISA_USAGE = YES_ERROR;
				CLANG_WARN_DOCUMENTATION_COMMENTS = YES;
				CLANG_WARN_EMPTY_BODY = YES;
				CLANG_WARN_ENUM_CONVERSION = YES;
				CLANG_WARN_INFINITE_RECURSION = YES;
				CLANG_WARN_INT_CONVERSION = YES;
				CLANG_WARN_NON_LITERAL_NULL_CONVERSION = YES;
				CLANG_WARN_OBJC_IMPLICIT_RETAIN_SELF = YES;
				CLANG_WARN_OBJC_LITERAL_CONVERSION = YES;
				CLANG_WARN_OBJC_ROOT_CLASS = YES_ERROR;
				CLANG_WARN_RANGE_LOOP_ANALYSIS = YES;
				CLANG_WARN_STRICT_PROTOTYPES = YES;
				CLANG_WARN_SUSPICIOUS_MOVE = YES;
				CLANG_WARN_UNGUARDED_AVAILABILITY = YES_AGGRESSIVE;
				CLANG_WARN_UNREACHABLE_CODE = YES;
				CLANG_WARN__DUPLICATE_METHOD_MATCH = YES;
				COPY_PHASE_STRIP = NO;
				DEBUG_INFORMATION_FORMAT = dwarf;
				ENABLE_STRICT_OBJC_MSGSEND = YES;
				ENABLE_TESTABILITY = YES;
				GCC_C_LANGUAGE_STANDARD = gnu11;
				GCC_DYNAMIC_NO_PIC = NO;
				GCC_NO_COMMON_BLOCKS = YES;
				GCC_OPTIMIZATION_LEVEL = 0;
				GCC_PREPROCESSOR_DEFINITIONS = (
					"DEBUG=1",
					"$(inherited)",
				);
				GCC_WARN_64_TO_32_BIT_CONVERSION = YES;
				GCC_WARN_ABOUT_RETURN_TYPE = YES_ERROR;
				GCC_WARN_UNDECLARED_SELECTOR = YES;
				GCC_WARN_UNINITIALIZED_AUTOS = YES_AGGRESSIVE;
				GCC_WARN_UNUSED_FUNCTION = YES;
				GCC_WARN_UNUSED_VARIABLE = YES;
				MACOSX_DEPLOYMENT_TARGET = 10.15;
				MTL_ENABLE_DEBUG_INFO = INCLUDE_SOURCE;
				MTL_FAST_MATH = YES;
				ONLY_ACTIVE_ARCH = YES;
				SDKROOT = macosx;
				SWIFT_ACTIVE_COMPILATION_CONDITIONS = DEBUG;
				SWIFT_OPTIMIZATION_LEVEL = "-Onone";
			};
			name = Debug;
		};
		219B0BB6247B6BA400F8A8FF /* Release */ = {
			isa = XCBuildConfiguration;
			buildSettings = {
				ALWAYS_SEARCH_USER_PATHS = NO;
				CLANG_ANALYZER_NONNULL = YES;
				CLANG_ANALYZER_NUMBER_OBJECT_CONVERSION = YES_AGGRESSIVE;
				CLANG_CXX_LANGUAGE_STANDARD = "gnu++14";
				CLANG_CXX_LIBRARY = "libc++";
				CLANG_ENABLE_MODULES = YES;
				CLANG_ENABLE_OBJC_ARC = YES;
				CLANG_ENABLE_OBJC_WEAK = YES;
				CLANG_WARN_BLOCK_CAPTURE_AUTORELEASING = YES;
				CLANG_WARN_BOOL_CONVERSION = YES;
				CLANG_WARN_COMMA = YES;
				CLANG_WARN_CONSTANT_CONVERSION = YES;
				CLANG_WARN_DEPRECATED_OBJC_IMPLEMENTATIONS = YES;
				CLANG_WARN_DIRECT_OBJC_ISA_USAGE = YES_ERROR;
				CLANG_WARN_DOCUMENTATION_COMMENTS = YES;
				CLANG_WARN_EMPTY_BODY = YES;
				CLANG_WARN_ENUM_CONVERSION = YES;
				CLANG_WARN_INFINITE_RECURSION = YES;
				CLANG_WARN_INT_CONVERSION = YES;
				CLANG_WARN_NON_LITERAL_NULL_CONVERSION = YES;
				CLANG_WARN_OBJC_IMPLICIT_RETAIN_SELF = YES;
				CLANG_WARN_OBJC_LITERAL_CONVERSION = YES;
				CLANG_WARN_OBJC_ROOT_CLASS = YES_ERROR;
				CLANG_WARN_RANGE_LOOP_ANALYSIS = YES;
				CLANG_WARN_STRICT_PROTOTYPES = YES;
				CLANG_WARN_SUSPICIOUS_MOVE = YES;
				CLANG_WARN_UNGUARDED_AVAILABILITY = YES_AGGRESSIVE;
				CLANG_WARN_UNREACHABLE_CODE = YES;
				CLANG_WARN__DUPLICATE_METHOD_MATCH = YES;
				COPY_PHASE_STRIP = NO;
				DEBUG_INFORMATION_FORMAT = "dwarf-with-dsym";
				ENABLE_NS_ASSERTIONS = NO;
				ENABLE_STRICT_OBJC_MSGSEND = YES;
				GCC_C_LANGUAGE_STANDARD = gnu11;
				GCC_NO_COMMON_BLOCKS = YES;
				GCC_WARN_64_TO_32_BIT_CONVERSION = YES;
				GCC_WARN_ABOUT_RETURN_TYPE = YES_ERROR;
				GCC_WARN_UNDECLARED_SELECTOR = YES;
				GCC_WARN_UNINITIALIZED_AUTOS = YES_AGGRESSIVE;
				GCC_WARN_UNUSED_FUNCTION = YES;
				GCC_WARN_UNUSED_VARIABLE = YES;
				MACOSX_DEPLOYMENT_TARGET = 10.15;
				MTL_ENABLE_DEBUG_INFO = NO;
				MTL_FAST_MATH = YES;
				SDKROOT = macosx;
				SWIFT_COMPILATION_MODE = wholemodule;
				SWIFT_OPTIMIZATION_LEVEL = "-O";
			};
			name = Release;
		};
		219B0BB8247B6BA400F8A8FF /* Debug */ = {
			isa = XCBuildConfiguration;
			buildSettings = {
				ASSETCATALOG_COMPILER_APPICON_NAME = AppIcon;
				CODE_SIGN_ENTITLEMENTS = NQueue/NQueue.entitlements;
				CODE_SIGN_STYLE = Automatic;
				COMBINE_HIDPI_IMAGES = YES;
				DEVELOPMENT_TEAM = KB9FW2X72R;
				ENABLE_HARDENED_RUNTIME = YES;
				INFOPLIST_FILE = NQueue/Info.plist;
				LD_RUNPATH_SEARCH_PATHS = (
					"$(inherited)",
					"@executable_path/../Frameworks",
				);
				MACOSX_DEPLOYMENT_TARGET = 10.10;
				PRODUCT_BUNDLE_IDENTIFIER = com.batword.www.NQueue;
				PRODUCT_NAME = "$(TARGET_NAME)";
				SWIFT_VERSION = 5.0;
			};
			name = Debug;
		};
		219B0BB9247B6BA400F8A8FF /* Release */ = {
			isa = XCBuildConfiguration;
			buildSettings = {
				ASSETCATALOG_COMPILER_APPICON_NAME = AppIcon;
				CODE_SIGN_ENTITLEMENTS = NQueue/NQueue.entitlements;
				CODE_SIGN_STYLE = Automatic;
				COMBINE_HIDPI_IMAGES = YES;
				DEVELOPMENT_TEAM = KB9FW2X72R;
				ENABLE_HARDENED_RUNTIME = YES;
				INFOPLIST_FILE = NQueue/Info.plist;
				LD_RUNPATH_SEARCH_PATHS = (
					"$(inherited)",
					"@executable_path/../Frameworks",
				);
				MACOSX_DEPLOYMENT_TARGET = 10.10;
				PRODUCT_BUNDLE_IDENTIFIER = com.batword.www.NQueue;
				PRODUCT_NAME = "$(TARGET_NAME)";
				SWIFT_VERSION = 5.0;
			};
			name = Release;
		};
/* End XCBuildConfiguration section */

/* Begin XCConfigurationList section */
		219B0BA2247B6BA000F8A8FF /* Build configuration list for PBXProject "NQueue" */ = {
			isa = XCConfigurationList;
			buildConfigurations = (
				219B0BB5247B6BA400F8A8FF /* Debug */,
				219B0BB6247B6BA400F8A8FF /* Release */,
			);
			defaultConfigurationIsVisible = 0;
			defaultConfigurationName = Release;
		};
		219B0BB7247B6BA400F8A8FF /* Build configuration list for PBXNativeTarget "NQueue" */ = {
			isa = XCConfigurationList;
			buildConfigurations = (
				219B0BB8247B6BA400F8A8FF /* Debug */,
				219B0BB9247B6BA400F8A8FF /* Release */,
			);
			defaultConfigurationIsVisible = 0;
			defaultConfigurationName = Release;
		};
/* End XCConfigurationList section */
	};
	rootObject = 219B0B9F247B6BA000F8A8FF /* Project object */;
}
